
Microsoft Visual Studio Solution File, Format Version 12.00
# Visual Studio Version 16
VisualStudioVersion = 16.0.30225.117
MinimumVisualStudioVersion = 10.0.40219.1
Project("{FAE04EC0-301F-11D3-BF4B-00C04F79EFBC}") = "caixa-troco", "caixa-troco.csproj", "{DB1B7DA4-0536-4E96-9483-54218274FC2C}"
EndProject
Global
	GlobalSection(SolutionConfigurationPlatforms) = preSolution
		Debug|Any CPU = Debug|Any CPU
		Release|Any CPU = Release|Any CPU
	EndGlobalSection
	GlobalSection(ProjectConfigurationPlatforms) = postSolution
		{DB1B7DA4-0536-4E96-9483-54218274FC2C}.Debug|Any CPU.ActiveCfg = Debug|Any CPU
		{DB1B7DA4-0536-4E96-9483-54218274FC2C}.Debug|Any CPU.Build.0 = Debug|Any CPU
		{DB1B7DA4-0536-4E96-9483-54218274FC2C}.Release|Any CPU.ActiveCfg = Release|Any CPU
		{DB1B7DA4-0536-4E96-9483-54218274FC2C}.Release|Any CPU.Build.0 = Release|Any CPU
	EndGlobalSection
	GlobalSection(SolutionProperties) = preSolution
		HideSolutionNode = FALSE
	EndGlobalSection
	GlobalSection(ExtensibilityGlobals) = postSolution
		SolutionGuid = {2E35A037-A3F2-4F3A-8D54-F10B92A81B64}
	EndGlobalSection
EndGlobal
